
Microsoft Visual Studio Solution File, Format Version 12.00
# Visual Studio Version 16
VisualStudioVersion = 16.0.31624.102
MinimumVisualStudioVersion = 10.0.40219.1
Project("{FAE04EC0-301F-11D3-BF4B-00C04F79EFBC}") = "TestAPI", "TestAPI\TestAPI.csproj", "{B59813CC-5BE8-4D8C-A8B0-13312D7C19B2}"
EndProject
Global
	GlobalSection(SolutionConfigurationPlatforms) = preSolution
		Debug|Any CPU = Debug|Any CPU
		Release|Any CPU = Release|Any CPU
	EndGlobalSection
	GlobalSection(ProjectConfigurationPlatforms) = postSolution
		{B59813CC-5BE8-4D8C-A8B0-13312D7C19B2}.Debug|Any CPU.ActiveCfg = Debug|Any CPU
		{B59813CC-5BE8-4D8C-A8B0-13312D7C19B2}.Debug|Any CPU.Build.0 = Debug|Any CPU
		{B59813CC-5BE8-4D8C-A8B0-13312D7C19B2}.Release|Any CPU.ActiveCfg = Release|Any CPU
		{B59813CC-5BE8-4D8C-A8B0-13312D7C19B2}.Release|Any CPU.Build.0 = Release|Any CPU
	EndGlobalSection
	GlobalSection(SolutionProperties) = preSolution
		HideSolutionNode = FALSE
	EndGlobalSection
	GlobalSection(ExtensibilityGlobals) = postSolution
		SolutionGuid = {3F7ED42D-8A51-4447-B5FB-1D7C20A177CB}
	EndGlobalSection
EndGlobal
